
Microsoft Visual Studio Solution File, Format Version 12.00
# Visual Studio Version 16
VisualStudioVersion = 16.0.30804.86
MinimumVisualStudioVersion = 10.0.40219.1
Project("{FAE04EC0-301F-11D3-BF4B-00C04F79EFBC}") = "task2", "task2\task2.csproj", "{B086C7E7-DD65-45D4-802D-C74F1E9F2E2E}"
EndProject
Global
	GlobalSection(SolutionConfigurationPlatforms) = preSolution
		Debug|Any CPU = Debug|Any CPU
		Release|Any CPU = Release|Any CPU
	EndGlobalSection
	GlobalSection(ProjectConfigurationPlatforms) = postSolution
		{B086C7E7-DD65-45D4-802D-C74F1E9F2E2E}.Debug|Any CPU.ActiveCfg = Debug|Any CPU
		{B086C7E7-DD65-45D4-802D-C74F1E9F2E2E}.Debug|Any CPU.Build.0 = Debug|Any CPU
		{B086C7E7-DD65-45D4-802D-C74F1E9F2E2E}.Release|Any CPU.ActiveCfg = Release|Any CPU
		{B086C7E7-DD65-45D4-802D-C74F1E9F2E2E}.Release|Any CPU.Build.0 = Release|Any CPU
	EndGlobalSection
	GlobalSection(SolutionProperties) = preSolution
		HideSolutionNode = FALSE
	EndGlobalSection
	GlobalSection(ExtensibilityGlobals) = postSolution
		SolutionGuid = {FC4453B4-EC41-4C28-B70B-9B011436D75E}
	EndGlobalSection
EndGlobal
